<?xml version="1.0" encoding="utf-8"?>
<Project ToolsVersion="4.0" xmlns="http://schemas.microsoft.com/developer/msbuild/2003">
  <ItemGroup>
    <Filter Include="Source Files">
      <UniqueIdentifier>{4FC737F1-C7A5-4376-A066-2A32D752A2FF}</UniqueIdentifier>
      <Extensions>cpp;c;cc;cxx;c++;cppm;ixx;def;odl;idl;hpj;bat;asm;asmx</Extensions>
    </Filter>
    <Filter Include="Header Files">
      <UniqueIdentifier>{93995380-89BD-4b04-88EB-625FBE52EBFB}</UniqueIdentifier>
      <Extensions>h;hh;hpp;hxx;h++;hm;inl;inc;ipp;xsd</Extensions>
    </Filter>
    <Filter Include="Resource Files">
      <UniqueIdentifier>{67DA6AB6-F800-4c08-8B7A-83BB121AAD01}</UniqueIdentifier>
      <Extensions>rc;ico;cur;bmp;dlg;rc2;rct;bin;rgs;gif;jpg;jpeg;jpe;resx;tiff;tif;png;wav;mfcribbon-ms</Extensions>
    </Filter>
    <Filter Include="Source Files\objects">
      <UniqueIdentifier>{616f5496-023a-4205-89d5-4f800f82b7c9}</UniqueIdentifier>
    </Filter>
    <Filter Include="Source Files\handlers">
      <UniqueIdentifier>{8ad81d5f-0abe-4221-bc82-fa6dec541a90}</UniqueIdentifier>
    </Filter>
    <Filter Include="Header Files\objects">
      <UniqueIdentifier>{a6654ef3-48ca-4760-b94b-212a0825bc90}</UniqueIdentifier>
    </Filter>
    <Filter Include="Header Files\handlers">
      <UniqueIdentifier>{5aec90c7-fabb-44bc-837d-78e5c99ce902}</UniqueIdentifier>
    </Filter>
    <Filter Include="Source Files\graphics">
      <UniqueIdentifier>{86aa4b22-015d-4cec-bb69-0cc8245406b9}</UniqueIdentifier>
    </Filter>
    <Filter Include="Header Files\graphics">
      <UniqueIdentifier>{8bb849c9-a1bc-45dd-9bcc-0f7c6f3b48d1}</UniqueIdentifier>
    </Filter>
    <Filter Include="Header Files\utils">
      <UniqueIdentifier>{e6bc84b1-fa97-4d1a-907b-21bd9e2bf4ea}</UniqueIdentifier>
    </Filter>
    <Filter Include="Source Files\graphics\ui">
      <UniqueIdentifier>{290f8da8-4ebe-4a78-95c2-c09894459962}</UniqueIdentifier>
    </Filter>
    <Filter Include="Header Files\graphics\ui">
      <UniqueIdentifier>{eb9b4d3a-0a0e-462f-9a2f-8dfc9d2cd3b3}</UniqueIdentifier>
    </Filter>
    <Filter Include="Source Files\ui">
      <UniqueIdentifier>{b3a39274-819e-4cc4-9bd4-71379d847732}</UniqueIdentifier>
    </Filter>
  </ItemGroup>
  <ItemGroup>
    <ClCompile Include="main.cpp">
      <Filter>Source Files</Filter>
    </ClCompile>
    <ClCompile Include="Bird.cpp">
      <Filter>Source Files\objects</Filter>
    </ClCompile>
    <ClCompile Include="Object.cpp">
      <Filter>Source Files\objects</Filter>
    </ClCompile>
    <ClCompile Include="ParallaxBackground.cpp">
      <Filter>Source Files\objects</Filter>
    </ClCompile>
    <ClCompile Include="Pipe.cpp">
      <Filter>Source Files\objects</Filter>
    </ClCompile>
    <ClCompile Include="InputListener.cpp">
      <Filter>Source Files\handlers</Filter>
    </ClCompile>
    <ClCompile Include="SFXHandler.cpp">
      <Filter>Source Files\handlers</Filter>
    </ClCompile>
    <ClCompile Include="DynamicText.cpp">
      <Filter>Source Files\graphics</Filter>
    </ClCompile>
    <ClCompile Include="Scene.cpp">
      <Filter>Source Files\graphics</Filter>
    </ClCompile>
    <ClCompile Include="SceneManager.cpp">
      <Filter>Source Files\graphics</Filter>
    </ClCompile>
    <ClCompile Include="GameScene.cpp">
      <Filter>Source Files\graphics</Filter>
    </ClCompile>
    <ClCompile Include="MenuScene.cpp">
      <Filter>Source Files\graphics</Filter>
    </ClCompile>
    <ClCompile Include="Button.cpp">
      <Filter>Source Files\graphics\ui</Filter>
    </ClCompile>
    <ClCompile Include="Utilities.cpp">
      <Filter>Source Files\ui</Filter>
    </ClCompile>
    <ClCompile Include="ScoreScene.cpp">
      <Filter>Source Files\graphics</Filter>
    </ClCompile>
  </ItemGroup>
  <ItemGroup>
    <ClInclude Include="Bird.h">
      <Filter>Header Files\objects</Filter>
    </ClInclude>
    <ClInclude Include="Object.h">
      <Filter>Header Files\objects</Filter>
    </ClInclude>
    <ClInclude Include="Pipe.h">
      <Filter>Header Files\objects</Filter>
    </ClInclude>
    <ClInclude Include="ParallaxBackground.h">
      <Filter>Header Files\objects</Filter>
    </ClInclude>
    <ClInclude Include="InputListener.h">
      <Filter>Header Files\handlers</Filter>
    </ClInclude>
    <ClInclude Include="SFXHandler.h">
      <Filter>Header Files\handlers</Filter>
    </ClInclude>
    <ClInclude Include="DynamicText.h">
      <Filter>Header Files\graphics</Filter>
    </ClInclude>
    <ClInclude Include="Scene.h">
      <Filter>Header Files\graphics</Filter>
    </ClInclude>
    <ClInclude Include="SceneManager.h">
      <Filter>Header Files\graphics</Filter>
    </ClInclude>
    <ClInclude Include="GameScene.h">
      <Filter>Header Files\graphics</Filter>
    </ClInclude>
    <ClInclude Include="Utilities.h">
      <Filter>Header Files\utils</Filter>
    </ClInclude>
    <ClInclude Include="MenuScene.h">
      <Filter>Header Files\graphics</Filter>
    </ClInclude>
    <ClInclude Include="Button.h">
      <Filter>Header Files\graphics\ui</Filter>
    </ClInclude>
    <ClInclude Include="ActionListener.h">
      <Filter>Header Files\handlers</Filter>
    </ClInclude>
    <ClInclude Include="ScoreScene.h">
      <Filter>Header Files\graphics</Filter>
    </ClInclude>
  </ItemGroup>
</Project>